
Microsoft Visual Studio Solution File, Format Version 12.00
# Visual Studio Version 17
VisualStudioVersion = 17.11.35303.130
MinimumVisualStudioVersion = 10.0.40219.1
Project("{FAE04EC0-301F-11D3-BF4B-00C04F79EFBC}") = "VectorGraphicsEditorDraft", "Task1\VectorGraphicsEditorDraft.csproj", "{6B4BD8A2-8447-4A18-8266-5FD65FFBA855}"
EndProject
Project("{FAE04EC0-301F-11D3-BF4B-00C04F79EFBC}") = "ComputerGameDraft", "Task2\ComputerGameDraft.csproj", "{BA106ADC-4C3A-4ECE-8B9F-AD7D744FDD61}"
EndProject
Global
	GlobalSection(SolutionConfigurationPlatforms) = preSolution
		Debug|Any CPU = Debug|Any CPU
		Release|Any CPU = Release|Any CPU
	EndGlobalSection
	GlobalSection(ProjectConfigurationPlatforms) = postSolution
		{6B4BD8A2-8447-4A18-8266-5FD65FFBA855}.Debug|Any CPU.ActiveCfg = Debug|Any CPU
		{6B4BD8A2-8447-4A18-8266-5FD65FFBA855}.Debug|Any CPU.Build.0 = Debug|Any CPU
		{6B4BD8A2-8447-4A18-8266-5FD65FFBA855}.Release|Any CPU.ActiveCfg = Release|Any CPU
		{6B4BD8A2-8447-4A18-8266-5FD65FFBA855}.Release|Any CPU.Build.0 = Release|Any CPU
		{BA106ADC-4C3A-4ECE-8B9F-AD7D744FDD61}.Debug|Any CPU.ActiveCfg = Debug|Any CPU
		{BA106ADC-4C3A-4ECE-8B9F-AD7D744FDD61}.Debug|Any CPU.Build.0 = Debug|Any CPU
		{BA106ADC-4C3A-4ECE-8B9F-AD7D744FDD61}.Release|Any CPU.ActiveCfg = Release|Any CPU
		{BA106ADC-4C3A-4ECE-8B9F-AD7D744FDD61}.Release|Any CPU.Build.0 = Release|Any CPU
	EndGlobalSection
	GlobalSection(SolutionProperties) = preSolution
		HideSolutionNode = FALSE
	EndGlobalSection
	GlobalSection(ExtensibilityGlobals) = postSolution
		SolutionGuid = {11C8EFB0-F6E8-48F8-AA38-E10311BF4094}
	EndGlobalSection
EndGlobal
