
Microsoft Visual Studio Solution File, Format Version 12.00
# Visual Studio Version 17
VisualStudioVersion = 17.11.35303.130
MinimumVisualStudioVersion = 10.0.40219.1
Project("{FAE04EC0-301F-11D3-BF4B-00C04F79EFBC}") = "ImplementUserClass", "Task1\ImplementUserClass.csproj", "{4BF4341A-25CB-4BAE-B118-175A2A662B22}"
EndProject
Project("{FAE04EC0-301F-11D3-BF4B-00C04F79EFBC}") = "CreateRoundClassAndUseIt", "Task2\CreateRoundClassAndUseIt.csproj", "{5AD08750-B17C-40D1-93B7-20A7815AE4BC}"
EndProject
Project("{FAE04EC0-301F-11D3-BF4B-00C04F79EFBC}") = "TriangleAreaAndPerimiter", "Task3\TriangleAreaAndPerimiter.csproj", "{DA9110AD-60BD-4F83-94B8-5F1D027D641C}"
EndProject
Project("{2150E333-8FDC-42A3-9474-1A3956D46DE8}") = "Solution Items", "Solution Items", "{7744A379-0C23-4FA5-81AA-AC534ED714BF}"
	ProjectSection(SolutionItems) = preProject
		.editorconfig = .editorconfig
	EndProjectSection
EndProject
Global
	GlobalSection(SolutionConfigurationPlatforms) = preSolution
		Debug|Any CPU = Debug|Any CPU
		Release|Any CPU = Release|Any CPU
	EndGlobalSection
	GlobalSection(ProjectConfigurationPlatforms) = postSolution
		{4BF4341A-25CB-4BAE-B118-175A2A662B22}.Debug|Any CPU.ActiveCfg = Debug|Any CPU
		{4BF4341A-25CB-4BAE-B118-175A2A662B22}.Debug|Any CPU.Build.0 = Debug|Any CPU
		{4BF4341A-25CB-4BAE-B118-175A2A662B22}.Release|Any CPU.ActiveCfg = Release|Any CPU
		{4BF4341A-25CB-4BAE-B118-175A2A662B22}.Release|Any CPU.Build.0 = Release|Any CPU
		{5AD08750-B17C-40D1-93B7-20A7815AE4BC}.Debug|Any CPU.ActiveCfg = Debug|Any CPU
		{5AD08750-B17C-40D1-93B7-20A7815AE4BC}.Debug|Any CPU.Build.0 = Debug|Any CPU
		{5AD08750-B17C-40D1-93B7-20A7815AE4BC}.Release|Any CPU.ActiveCfg = Release|Any CPU
		{5AD08750-B17C-40D1-93B7-20A7815AE4BC}.Release|Any CPU.Build.0 = Release|Any CPU
		{DA9110AD-60BD-4F83-94B8-5F1D027D641C}.Debug|Any CPU.ActiveCfg = Debug|Any CPU
		{DA9110AD-60BD-4F83-94B8-5F1D027D641C}.Debug|Any CPU.Build.0 = Debug|Any CPU
		{DA9110AD-60BD-4F83-94B8-5F1D027D641C}.Release|Any CPU.ActiveCfg = Release|Any CPU
		{DA9110AD-60BD-4F83-94B8-5F1D027D641C}.Release|Any CPU.Build.0 = Release|Any CPU
	EndGlobalSection
	GlobalSection(SolutionProperties) = preSolution
		HideSolutionNode = FALSE
	EndGlobalSection
	GlobalSection(ExtensibilityGlobals) = postSolution
		SolutionGuid = {C9C4AB59-0697-4610-8433-E3886A1512F2}
	EndGlobalSection
EndGlobal
